<?xml version="1.0" encoding="utf-8"?>
<Project ToolsVersion="4.0" xmlns="http://schemas.microsoft.com/developer/msbuild/2003">
  <ItemGroup>
    <Filter Include="소스 파일">
      <UniqueIdentifier>{4FC737F1-C7A5-4376-A066-2A32D752A2FF}</UniqueIdentifier>
      <Extensions>cpp;c;cc;cxx;c++;cppm;ixx;def;odl;idl;hpj;bat;asm;asmx</Extensions>
    </Filter>
    <Filter Include="헤더 파일">
      <UniqueIdentifier>{93995380-89BD-4b04-88EB-625FBE52EBFB}</UniqueIdentifier>
      <Extensions>h;hh;hpp;hxx;h++;hm;inl;inc;ipp;xsd</Extensions>
    </Filter>
    <Filter Include="리소스 파일">
      <UniqueIdentifier>{67DA6AB6-F800-4c08-8B7A-83BB121AAD01}</UniqueIdentifier>
      <Extensions>rc;ico;cur;bmp;dlg;rc2;rct;bin;rgs;gif;jpg;jpeg;jpe;resx;tiff;tif;png;wav;mfcribbon-ms</Extensions>
    </Filter>
    <Filter Include="헤더 파일\Manager">
      <UniqueIdentifier>{7fe81f2b-e647-47d7-9c6a-f0ecf1cf0aa6}</UniqueIdentifier>
    </Filter>
    <Filter Include="소스 파일\Manager">
      <UniqueIdentifier>{8c24678f-6c5a-41c8-b30d-56a91d6ae288}</UniqueIdentifier>
    </Filter>
    <Filter Include="헤더 파일\Component">
      <UniqueIdentifier>{6da3796f-6faf-48e6-862d-1ee36d36f9c1}</UniqueIdentifier>
    </Filter>
    <Filter Include="헤더 파일\EnumClass">
      <UniqueIdentifier>{bf8df1c5-e43e-41eb-8230-5f44c672f9ea}</UniqueIdentifier>
    </Filter>
    <Filter Include="소스 파일\Component">
      <UniqueIdentifier>{3988c009-37e8-4206-a6a2-bf440161d4c8}</UniqueIdentifier>
    </Filter>
    <Filter Include="헤더 파일\Math">
      <UniqueIdentifier>{f778bf45-ca6f-4fad-b6f0-80c70882df45}</UniqueIdentifier>
    </Filter>
    <Filter Include="헤더 파일\Component\Object">
      <UniqueIdentifier>{5c4bd3ea-b111-490c-a7db-acbc31116ff6}</UniqueIdentifier>
    </Filter>
    <Filter Include="헤더 파일\Component\Scene">
      <UniqueIdentifier>{fdaefe9a-1989-4515-84bd-1f3cce7fe38c}</UniqueIdentifier>
    </Filter>
    <Filter Include="소스 파일\Math">
      <UniqueIdentifier>{2ae79733-b312-48cc-aa96-99528f01e150}</UniqueIdentifier>
    </Filter>
    <Filter Include="소스 파일\Component\Object">
      <UniqueIdentifier>{049b1608-e23d-4040-9ec5-5920fe3bd1c4}</UniqueIdentifier>
    </Filter>
    <Filter Include="소스 파일\Component\Scene">
      <UniqueIdentifier>{0807f0b9-9d1a-41cf-9c67-a50beffb3948}</UniqueIdentifier>
    </Filter>
    <Filter Include="헤더 파일\FSM">
      <UniqueIdentifier>{7d7ce5fe-9856-42ab-98bb-d99a47515965}</UniqueIdentifier>
    </Filter>
    <Filter Include="헤더 파일\FSM\Player">
      <UniqueIdentifier>{268635b4-3a50-4330-8e22-69e1b837a454}</UniqueIdentifier>
    </Filter>
    <Filter Include="소스 파일\FSM">
      <UniqueIdentifier>{da46db81-66cd-4693-a7a1-269a47471175}</UniqueIdentifier>
    </Filter>
    <Filter Include="소스 파일\FSM\Player">
      <UniqueIdentifier>{48f83b18-dc50-4abd-b482-a6079c9bcd6e}</UniqueIdentifier>
    </Filter>
  </ItemGroup>
  <ItemGroup>
    <ClCompile Include="WinApp.cpp">
      <Filter>소스 파일</Filter>
    </ClCompile>
    <ClCompile Include="GameCore.cpp">
      <Filter>소스 파일</Filter>
    </ClCompile>
    <ClCompile Include="WinMain.cpp">
      <Filter>소스 파일</Filter>
    </ClCompile>
    <ClCompile Include="Collider.cpp">
      <Filter>소스 파일\Component</Filter>
    </ClCompile>
    <ClCompile Include="Scene.cpp">
      <Filter>소스 파일\Component</Filter>
    </ClCompile>
    <ClCompile Include="Sound.cpp">
      <Filter>소스 파일\Component</Filter>
    </ClCompile>
    <ClCompile Include="Sprite.cpp">
      <Filter>소스 파일\Component</Filter>
    </ClCompile>
    <ClCompile Include="InputManager.cpp">
      <Filter>소스 파일\Manager</Filter>
    </ClCompile>
    <ClCompile Include="RenderManager.cpp">
      <Filter>소스 파일\Manager</Filter>
    </ClCompile>
    <ClCompile Include="SceneManager.cpp">
      <Filter>소스 파일\Manager</Filter>
    </ClCompile>
    <ClCompile Include="SoundManager.cpp">
      <Filter>소스 파일\Manager</Filter>
    </ClCompile>
    <ClCompile Include="SpriteManager.cpp">
      <Filter>소스 파일\Manager</Filter>
    </ClCompile>
    <ClCompile Include="TimeManager.cpp">
      <Filter>소스 파일\Manager</Filter>
    </ClCompile>
    <ClCompile Include="ColliderManager.cpp">
      <Filter>소스 파일\Manager</Filter>
    </ClCompile>
    <ClCompile Include="Vector2.cpp">
      <Filter>소스 파일\Math</Filter>
    </ClCompile>
    <ClCompile Include="Enemy.cpp">
      <Filter>소스 파일\Component\Object</Filter>
    </ClCompile>
    <ClCompile Include="GameScene.cpp">
      <Filter>소스 파일\Component\Scene</Filter>
    </ClCompile>
    <ClCompile Include="hRectangle.cpp">
      <Filter>소스 파일\Math</Filter>
    </ClCompile>
    <ClCompile Include="Player.cpp">
      <Filter>소스 파일\Component\Object</Filter>
    </ClCompile>
    <ClCompile Include="Object.cpp">
      <Filter>소스 파일\Component</Filter>
    </ClCompile>
    <ClCompile Include="PlayerIdle.cpp">
      <Filter>소스 파일\FSM\Player</Filter>
    </ClCompile>
    <ClCompile Include="PlayerState.cpp">
      <Filter>소스 파일\FSM\Player</Filter>
    </ClCompile>
    <ClCompile Include="PlayerRun.cpp">
      <Filter>소스 파일\FSM\Player</Filter>
    </ClCompile>
    <ClCompile Include="PlayerJump.cpp">
      <Filter>소스 파일\FSM\Player</Filter>
    </ClCompile>
  </ItemGroup>
  <ItemGroup>
    <ClInclude Include="WinApp.h">
      <Filter>헤더 파일</Filter>
    </ClInclude>
    <ClInclude Include="GameCore.h">
      <Filter>헤더 파일</Filter>
    </ClInclude>
    <ClInclude Include="eObjectType.h">
      <Filter>헤더 파일\EnumClass</Filter>
    </ClInclude>
    <ClInclude Include="eSceneType.h">
      <Filter>헤더 파일\EnumClass</Filter>
    </ClInclude>
    <ClInclude Include="eSpriteType.h">
      <Filter>헤더 파일\EnumClass</Filter>
    </ClInclude>
    <ClInclude Include="Collider.h">
      <Filter>헤더 파일\Component</Filter>
    </ClInclude>
    <ClInclude Include="Object.h">
      <Filter>헤더 파일\Component</Filter>
    </ClInclude>
    <ClInclude Include="Scene.h">
      <Filter>헤더 파일\Component</Filter>
    </ClInclude>
    <ClInclude Include="Sound.h">
      <Filter>헤더 파일\Component</Filter>
    </ClInclude>
    <ClInclude Include="Sprite.h">
      <Filter>헤더 파일\Component</Filter>
    </ClInclude>
    <ClInclude Include="RenderManager.h">
      <Filter>헤더 파일\Manager</Filter>
    </ClInclude>
    <ClInclude Include="SceneManager.h">
      <Filter>헤더 파일\Manager</Filter>
    </ClInclude>
    <ClInclude Include="SoundManager.h">
      <Filter>헤더 파일\Manager</Filter>
    </ClInclude>
    <ClInclude Include="SpriteManager.h">
      <Filter>헤더 파일\Manager</Filter>
    </ClInclude>
    <ClInclude Include="TimeManager.h">
      <Filter>헤더 파일\Manager</Filter>
    </ClInclude>
    <ClInclude Include="InputManager.h">
      <Filter>헤더 파일\Manager</Filter>
    </ClInclude>
    <ClInclude Include="ColliderManager.h">
      <Filter>헤더 파일\Manager</Filter>
    </ClInclude>
    <ClInclude Include="Vector2.h">
      <Filter>헤더 파일\Math</Filter>
    </ClInclude>
    <ClInclude Include="Player.h">
      <Filter>헤더 파일\Component\Object</Filter>
    </ClInclude>
    <ClInclude Include="GameScene.h">
      <Filter>헤더 파일\Component\Scene</Filter>
    </ClInclude>
    <ClInclude Include="Enemy.h">
      <Filter>헤더 파일\Component\Object</Filter>
    </ClInclude>
    <ClInclude Include="hRectangle.h">
      <Filter>헤더 파일\Math</Filter>
    </ClInclude>
    <ClInclude Include="ePlayerState.h">
      <Filter>헤더 파일\EnumClass</Filter>
    </ClInclude>
    <ClInclude Include="PlayerState.h">
      <Filter>헤더 파일\FSM\Player</Filter>
    </ClInclude>
    <ClInclude Include="PlayerIdle.h">
      <Filter>헤더 파일\FSM\Player</Filter>
    </ClInclude>
    <ClInclude Include="PlayerRun.h">
      <Filter>헤더 파일\FSM\Player</Filter>
    </ClInclude>
    <ClInclude Include="PlayerJump.h">
      <Filter>헤더 파일\FSM\Player</Filter>
    </ClInclude>
  </ItemGroup>
</Project>